// !$*UTF8*$!
{
	archiveVersion = 1;
	classes = {
	};
	objectVersion = 50;
	objects = {

/* Begin PBXBuildFile section */
		2FE1FF5924E6352C0090BA4D /* AppDelegate.swift in Sources */ = {isa = PBXBuildFile; fileRef = 2FE1FF5824E6352C0090BA4D /* AppDelegate.swift */; };
		2FE1FF5B24E6352C0090BA4D /* SceneDelegate.swift in Sources */ = {isa = PBXBuildFile; fileRef = 2FE1FF5A24E6352C0090BA4D /* SceneDelegate.swift */; };
		2FE1FF5D24E6352C0090BA4D /* ViewController.swift in Sources */ = {isa = PBXBuildFile; fileRef = 2FE1FF5C24E6352C0090BA4D /* ViewController.swift */; };
		2FE1FF6024E6352C0090BA4D /* Main.storyboard in Resources */ = {isa = PBXBuildFile; fileRef = 2FE1FF5E24E6352C0090BA4D /* Main.storyboard */; };
		2FE1FF6224E635300090BA4D /* Assets.xcassets in Resources */ = {isa = PBXBuildFile; fileRef = 2FE1FF6124E635300090BA4D /* Assets.xcassets */; };
		2FE1FF6524E635300090BA4D /* LaunchScreen.storyboard in Resources */ = {isa = PBXBuildFile; fileRef = 2FE1FF6324E635300090BA4D /* LaunchScreen.storyboard */; };
		2FE1FF6D24E6797D0090BA4D /* DisneyCharacterList.plist in Resources */ = {isa = PBXBuildFile; fileRef = 2FE1FF6C24E6797D0090BA4D /* DisneyCharacterList.plist */; };
/* End PBXBuildFile section */

/* Begin PBXFileReference section */
		2FE1FF5524E6352C0090BA4D /* UITableView_NoSection.app */ = {isa = PBXFileReference; explicitFileType = wrapper.application; includeInIndex = 0; path = UITableView_NoSection.app; sourceTree = BUILT_PRODUCTS_DIR; };
		2FE1FF5824E6352C0090BA4D /* AppDelegate.swift */ = {isa = PBXFileReference; lastKnownFileType = sourcecode.swift; path = AppDelegate.swift; sourceTree = "<group>"; };
		2FE1FF5A24E6352C0090BA4D /* SceneDelegate.swift */ = {isa = PBXFileReference; lastKnownFileType = sourcecode.swift; path = SceneDelegate.swift; sourceTree = "<group>"; };
		2FE1FF5C24E6352C0090BA4D /* ViewController.swift */ = {isa = PBXFileReference; lastKnownFileType = sourcecode.swift; path = ViewController.swift; sourceTree = "<group>"; };
		2FE1FF5F24E6352C0090BA4D /* Base */ = {isa = PBXFileReference; lastKnownFileType = file.storyboard; name = Base; path = Base.lproj/Main.storyboard; sourceTree = "<group>"; };
		2FE1FF6124E635300090BA4D /* Assets.xcassets */ = {isa = PBXFileReference; lastKnownFileType = folder.assetcatalog; path = Assets.xcassets; sourceTree = "<group>"; };
		2FE1FF6424E635300090BA4D /* Base */ = {isa = PBXFileReference; lastKnownFileType = file.storyboard; name = Base; path = Base.lproj/LaunchScreen.storyboard; sourceTree = "<group>"; };
		2FE1FF6624E635300090BA4D /* Info.plist */ = {isa = PBXFileReference; lastKnownFileType = text.plist.xml; path = Info.plist; sourceTree = "<group>"; };
		2FE1FF6C24E6797D0090BA4D /* DisneyCharacterList.plist */ = {isa = PBXFileReference; lastKnownFileType = text.plist.xml; path = DisneyCharacterList.plist; sourceTree = "<group>"; };
/* End PBXFileReference section */

/* Begin PBXFrameworksBuildPhase section */
		2FE1FF5224E6352C0090BA4D /* Frameworks */ = {
			isa = PBXFrameworksBuildPhase;
			buildActionMask = 2147483647;
			files = (
			);
			runOnlyForDeploymentPostprocessing = 0;
		};
/* End PBXFrameworksBuildPhase section */

/* Begin PBXGroup section */
		2FE1FF4C24E6352B0090BA4D = {
			isa = PBXGroup;
			children = (
				2FE1FF5724E6352C0090BA4D /* UITableView_NoSection */,
				2FE1FF5624E6352C0090BA4D /* Products */,
			);
			sourceTree = "<group>";
		};
		2FE1FF5624E6352C0090BA4D /* Products */ = {
			isa = PBXGroup;
			children = (
				2FE1FF5524E6352C0090BA4D /* UITableView_NoSection.app */,
			);
			name = Products;
			sourceTree = "<group>";
		};
		2FE1FF5724E6352C0090BA4D /* UITableView_NoSection */ = {
			isa = PBXGroup;
			children = (
				2FE1FF5824E6352C0090BA4D /* AppDelegate.swift */,
				2FE1FF5A24E6352C0090BA4D /* SceneDelegate.swift */,
				2FE1FF5C24E6352C0090BA4D /* ViewController.swift */,
				2FE1FF5E24E6352C0090BA4D /* Main.storyboard */,
				2FE1FF6124E635300090BA4D /* Assets.xcassets */,
				2FE1FF6324E635300090BA4D /* LaunchScreen.storyboard */,
				2FE1FF6624E635300090BA4D /* Info.plist */,
				2FE1FF6C24E6797D0090BA4D /* DisneyCharacterList.plist */,
			);
			path = UITableView_NoSection;
			sourceTree = "<group>";
		};
/* End PBXGroup section */

/* Begin PBXNativeTarget section */
		2FE1FF5424E6352C0090BA4D /* UITableView_NoSection */ = {
			isa = PBXNativeTarget;
			buildConfigurationList = 2FE1FF6924E635300090BA4D /* Build configuration list for PBXNativeTarget "UITableView_NoSection" */;
			buildPhases = (
				2FE1FF5124E6352C0090BA4D /* Sources */,
				2FE1FF5224E6352C0090BA4D /* Frameworks */,
				2FE1FF5324E6352C0090BA4D /* Resources */,
			);
			buildRules = (
			);
			dependencies = (
			);
			name = UITableView_NoSection;
			productName = UITableView_NoSection;
			productReference = 2FE1FF5524E6352C0090BA4D /* UITableView_NoSection.app */;
			productType = "com.apple.product-type.application";
		};
/* End PBXNativeTarget section */

/* Begin PBXProject section */
		2FE1FF4D24E6352B0090BA4D /* Project object */ = {
			isa = PBXProject;
			attributes = {
				LastSwiftUpdateCheck = 1160;
				LastUpgradeCheck = 1160;
				ORGANIZATIONNAME = "すいふと";
				TargetAttributes = {
					2FE1FF5424E6352C0090BA4D = {
						CreatedOnToolsVersion = 11.6;
					};
				};
			};
			buildConfigurationList = 2FE1FF5024E6352B0090BA4D /* Build configuration list for PBXProject "UITableView_NoSection" */;
			compatibilityVersion = "Xcode 9.3";
			developmentRegion = en;
			hasScannedForEncodings = 0;
			knownRegions = (
				en,
				Base,
			);
			mainGroup = 2FE1FF4C24E6352B0090BA4D;
			productRefGroup = 2FE1FF5624E6352C0090BA4D /* Products */;
			projectDirPath = "";
			projectRoot = "";
			targets = (
				2FE1FF5424E6352C0090BA4D /* UITableView_NoSection */,
			);
		};
/* End PBXProject section */

/* Begin PBXResourcesBuildPhase section */
		2FE1FF5324E6352C0090BA4D /* Resources */ = {
			isa = PBXResourcesBuildPhase;
			buildActionMask = 2147483647;
			files = (
				2FE1FF6D24E6797D0090BA4D /* DisneyCharacterList.plist in Resources */,
				2FE1FF6524E635300090BA4D /* LaunchScreen.storyboard in Resources */,
				2FE1FF6224E635300090BA4D /* Assets.xcassets in Resources */,
				2FE1FF6024E6352C0090BA4D /* Main.storyboard in Resources */,
			);
			runOnlyForDeploymentPostprocessing = 0;
		};
/* End PBXResourcesBuildPhase section */

/* Begin PBXSourcesBuildPhase section */
		2FE1FF5124E6352C0090BA4D /* Sources */ = {
			isa = PBXSourcesBuildPhase;
			buildActionMask = 2147483647;
			files = (
				2FE1FF5D24E6352C0090BA4D /* ViewController.swift in Sources */,
				2FE1FF5924E6352C0090BA4D /* AppDelegate.swift in Sources */,
				2FE1FF5B24E6352C0090BA4D /* SceneDelegate.swift in Sources */,
			);
			runOnlyForDeploymentPostprocessing = 0;
		};
/* End PBXSourcesBuildPhase section */

/* Begin PBXVariantGroup section */
		2FE1FF5E24E6352C0090BA4D /* Main.storyboard */ = {
			isa = PBXVariantGroup;
			children = (
				2FE1FF5F24E6352C0090BA4D /* Base */,
			);
			name = Main.storyboard;
			sourceTree = "<group>";
		};
		2FE1FF6324E635300090BA4D /* LaunchScreen.storyboard */ = {
			isa = PBXVariantGroup;
			children = (
				2FE1FF6424E635300090BA4D /* Base */,
			);
			name = LaunchScreen.storyboard;
			sourceTree = "<group>";
		};
/* End PBXVariantGroup section */

/* Begin XCBuildConfiguration section */
		2FE1FF6724E635300090BA4D /* Debug */ = {
			isa = XCBuildConfiguration;
			buildSettings = {
				ALWAYS_SEARCH_USER_PATHS = NO;
				CLANG_ANALYZER_NONNULL = YES;
				CLANG_ANALYZER_NUMBER_OBJECT_CONVERSION = YES_AGGRESSIVE;
				CLANG_CXX_LANGUAGE_STANDARD = "gnu++14";
				CLANG_CXX_LIBRARY = "libc++";
				CLANG_ENABLE_MODULES = YES;
				CLANG_ENABLE_OBJC_ARC = YES;
				CLANG_ENABLE_OBJC_WEAK = YES;
				CLANG_WARN_BLOCK_CAPTURE_AUTORELEASING = YES;
				CLANG_WARN_BOOL_CONVERSION = YES;
				CLANG_WARN_COMMA = YES;
				CLANG_WARN_CONSTANT_CONVERSION = YES;
				CLANG_WARN_DEPRECATED_OBJC_IMPLEMENTATIONS = YES;
				CLANG_WARN_DIRECT_OBJC_ISA_USAGE = YES_ERROR;
				CLANG_WARN_DOCUMENTATION_COMMENTS = YES;
				CLANG_WARN_EMPTY_BODY = YES;
				CLANG_WARN_ENUM_CONVERSION = YES;
				CLANG_WARN_INFINITE_RECURSION = YES;
				CLANG_WARN_INT_CONVERSION = YES;
				CLANG_WARN_NON_LITERAL_NULL_CONVERSION = YES;
				CLANG_WARN_OBJC_IMPLICIT_RETAIN_SELF = YES;
				CLANG_WARN_OBJC_LITERAL_CONVERSION = YES;
				CLANG_WARN_OBJC_ROOT_CLASS = YES_ERROR;
				CLANG_WARN_RANGE_LOOP_ANALYSIS = YES;
				CLANG_WARN_STRICT_PROTOTYPES = YES;
				CLANG_WARN_SUSPICIOUS_MOVE = YES;
				CLANG_WARN_UNGUARDED_AVAILABILITY = YES_AGGRESSIVE;
				CLANG_WARN_UNREACHABLE_CODE = YES;
				CLANG_WARN__DUPLICATE_METHOD_MATCH = YES;
				COPY_PHASE_STRIP = NO;
				DEBUG_INFORMATION_FORMAT = dwarf;
				ENABLE_STRICT_OBJC_MSGSEND = YES;
				ENABLE_TESTABILITY = YES;
				GCC_C_LANGUAGE_STANDARD = gnu11;
				GCC_DYNAMIC_NO_PIC = NO;
				GCC_NO_COMMON_BLOCKS = YES;
				GCC_OPTIMIZATION_LEVEL = 0;
				GCC_PREPROCESSOR_DEFINITIONS = (
					"DEBUG=1",
					"$(inherited)",
				);
				GCC_WARN_64_TO_32_BIT_CONVERSION = YES;
				GCC_WARN_ABOUT_RETURN_TYPE = YES_ERROR;
				GCC_WARN_UNDECLARED_SELECTOR = YES;
				GCC_WARN_UNINITIALIZED_AUTOS = YES_AGGRESSIVE;
				GCC_WARN_UNUSED_FUNCTION = YES;
				GCC_WARN_UNUSED_VARIABLE = YES;
				IPHONEOS_DEPLOYMENT_TARGET = 13.6;
				MTL_ENABLE_DEBUG_INFO = INCLUDE_SOURCE;
				MTL_FAST_MATH = YES;
				ONLY_ACTIVE_ARCH = YES;
				SDKROOT = iphoneos;
				SWIFT_ACTIVE_COMPILATION_CONDITIONS = DEBUG;
				SWIFT_OPTIMIZATION_LEVEL = "-Onone";
			};
			name = Debug;
		};
		2FE1FF6824E635300090BA4D /* Release */ = {
			isa = XCBuildConfiguration;
			buildSettings = {
				ALWAYS_SEARCH_USER_PATHS = NO;
				CLANG_ANALYZER_NONNULL = YES;
				CLANG_ANALYZER_NUMBER_OBJECT_CONVERSION = YES_AGGRESSIVE;
				CLANG_CXX_LANGUAGE_STANDARD = "gnu++14";
				CLANG_CXX_LIBRARY = "libc++";
				CLANG_ENABLE_MODULES = YES;
				CLANG_ENABLE_OBJC_ARC = YES;
				CLANG_ENABLE_OBJC_WEAK = YES;
				CLANG_WARN_BLOCK_CAPTURE_AUTORELEASING = YES;
				CLANG_WARN_BOOL_CONVERSION = YES;
				CLANG_WARN_COMMA = YES;
				CLANG_WARN_CONSTANT_CONVERSION = YES;
				CLANG_WARN_DEPRECATED_OBJC_IMPLEMENTATIONS = YES;
				CLANG_WARN_DIRECT_OBJC_ISA_USAGE = YES_ERROR;
				CLANG_WARN_DOCUMENTATION_COMMENTS = YES;
				CLANG_WARN_EMPTY_BODY = YES;
				CLANG_WARN_ENUM_CONVERSION = YES;
				CLANG_WARN_INFINITE_RECURSION = YES;
				CLANG_WARN_INT_CONVERSION = YES;
				CLANG_WARN_NON_LITERAL_NULL_CONVERSION = YES;
				CLANG_WARN_OBJC_IMPLICIT_RETAIN_SELF = YES;
				CLANG_WARN_OBJC_LITERAL_CONVERSION = YES;
				CLANG_WARN_OBJC_ROOT_CLASS = YES_ERROR;
				CLANG_WARN_RANGE_LOOP_ANALYSIS = YES;
				CLANG_WARN_STRICT_PROTOTYPES = YES;
				CLANG_WARN_SUSPICIOUS_MOVE = YES;
				CLANG_WARN_UNGUARDED_AVAILABILITY = YES_AGGRESSIVE;
				CLANG_WARN_UNREACHABLE_CODE = YES;
				CLANG_WARN__DUPLICATE_METHOD_MATCH = YES;
				COPY_PHASE_STRIP = NO;
				DEBUG_INFORMATION_FORMAT = "dwarf-with-dsym";
				ENABLE_NS_ASSERTIONS = NO;
				ENABLE_STRICT_OBJC_MSGSEND = YES;
				GCC_C_LANGUAGE_STANDARD = gnu11;
				GCC_NO_COMMON_BLOCKS = YES;
				GCC_WARN_64_TO_32_BIT_CONVERSION = YES;
				GCC_WARN_ABOUT_RETURN_TYPE = YES_ERROR;
				GCC_WARN_UNDECLARED_SELECTOR = YES;
				GCC_WARN_UNINITIALIZED_AUTOS = YES_AGGRESSIVE;
				GCC_WARN_UNUSED_FUNCTION = YES;
				GCC_WARN_UNUSED_VARIABLE = YES;
				IPHONEOS_DEPLOYMENT_TARGET = 13.6;
				MTL_ENABLE_DEBUG_INFO = NO;
				MTL_FAST_MATH = YES;
				SDKROOT = iphoneos;
				SWIFT_COMPILATION_MODE = wholemodule;
				SWIFT_OPTIMIZATION_LEVEL = "-O";
				VALIDATE_PRODUCT = YES;
			};
			name = Release;
		};
		2FE1FF6A24E635300090BA4D /* Debug */ = {
			isa = XCBuildConfiguration;
			buildSettings = {
				ASSETCATALOG_COMPILER_APPICON_NAME = AppIcon;
				CODE_SIGN_STYLE = Automatic;
				INFOPLIST_FILE = UITableView_NoSection/Info.plist;
				LD_RUNPATH_SEARCH_PATHS = (
					"$(inherited)",
					"@executable_path/Frameworks",
				);
				PRODUCT_BUNDLE_IDENTIFIER = "com.stv.UITableView-NoSection";
				PRODUCT_NAME = "$(TARGET_NAME)";
				SWIFT_VERSION = 5.0;
				TARGETED_DEVICE_FAMILY = "1,2";
			};
			name = Debug;
		};
		2FE1FF6B24E635300090BA4D /* Release */ = {
			isa = XCBuildConfiguration;
			buildSettings = {
				ASSETCATALOG_COMPILER_APPICON_NAME = AppIcon;
				CODE_SIGN_STYLE = Automatic;
				INFOPLIST_FILE = UITableView_NoSection/Info.plist;
				LD_RUNPATH_SEARCH_PATHS = (
					"$(inherited)",
					"@executable_path/Frameworks",
				);
				PRODUCT_BUNDLE_IDENTIFIER = "com.stv.UITableView-NoSection";
				PRODUCT_NAME = "$(TARGET_NAME)";
				SWIFT_VERSION = 5.0;
				TARGETED_DEVICE_FAMILY = "1,2";
			};
			name = Release;
		};
/* End XCBuildConfiguration section */

/* Begin XCConfigurationList section */
		2FE1FF5024E6352B0090BA4D /* Build configuration list for PBXProject "UITableView_NoSection" */ = {
			isa = XCConfigurationList;
			buildConfigurations = (
				2FE1FF6724E635300090BA4D /* Debug */,
				2FE1FF6824E635300090BA4D /* Release */,
			);
			defaultConfigurationIsVisible = 0;
			defaultConfigurationName = Release;
		};
		2FE1FF6924E635300090BA4D /* Build configuration list for PBXNativeTarget "UITableView_NoSection" */ = {
			isa = XCConfigurationList;
			buildConfigurations = (
				2FE1FF6A24E635300090BA4D /* Debug */,
				2FE1FF6B24E635300090BA4D /* Release */,
			);
			defaultConfigurationIsVisible = 0;
			defaultConfigurationName = Release;
		};
/* End XCConfigurationList section */
	};
	rootObject = 2FE1FF4D24E6352B0090BA4D /* Project object */;
}
