// !$*UTF8*$!
{
	archiveVersion = 1;
	classes = {
	};
	objectVersion = 50;
	objects = {

/* Begin PBXBuildFile section */
		2FD2A65024ED730B0063D963 /* AppDelegate.swift in Sources */ = {isa = PBXBuildFile; fileRef = 2FD2A64F24ED730B0063D963 /* AppDelegate.swift */; };
		2FD2A65224ED730B0063D963 /* SceneDelegate.swift in Sources */ = {isa = PBXBuildFile; fileRef = 2FD2A65124ED730B0063D963 /* SceneDelegate.swift */; };
		2FD2A65924ED730E0063D963 /* Assets.xcassets in Resources */ = {isa = PBXBuildFile; fileRef = 2FD2A65824ED730E0063D963 /* Assets.xcassets */; };
		2FD2A65C24ED730E0063D963 /* LaunchScreen.storyboard in Resources */ = {isa = PBXBuildFile; fileRef = 2FD2A65A24ED730E0063D963 /* LaunchScreen.storyboard */; };
		2FD2A66724ED76920063D963 /* CollectionViewCell.swift in Sources */ = {isa = PBXBuildFile; fileRef = 2FD2A66424ED76920063D963 /* CollectionViewCell.swift */; };
		2FD2A66824ED76920063D963 /* ViewController.swift in Sources */ = {isa = PBXBuildFile; fileRef = 2FD2A66524ED76920063D963 /* ViewController.swift */; };
		2FD2A66A24ED77030063D963 /* SectionHeader.swift in Sources */ = {isa = PBXBuildFile; fileRef = 2FD2A66924ED77020063D963 /* SectionHeader.swift */; };
		2FD2A66C24ED77B50063D963 /* Main.storyboard in Resources */ = {isa = PBXBuildFile; fileRef = 2FD2A66B24ED77B50063D963 /* Main.storyboard */; };
/* End PBXBuildFile section */

/* Begin PBXFileReference section */
		2FD2A64C24ED730B0063D963 /* CollectionView_Section.app */ = {isa = PBXFileReference; explicitFileType = wrapper.application; includeInIndex = 0; path = CollectionView_Section.app; sourceTree = BUILT_PRODUCTS_DIR; };
		2FD2A64F24ED730B0063D963 /* AppDelegate.swift */ = {isa = PBXFileReference; lastKnownFileType = sourcecode.swift; path = AppDelegate.swift; sourceTree = "<group>"; };
		2FD2A65124ED730B0063D963 /* SceneDelegate.swift */ = {isa = PBXFileReference; lastKnownFileType = sourcecode.swift; path = SceneDelegate.swift; sourceTree = "<group>"; };
		2FD2A65824ED730E0063D963 /* Assets.xcassets */ = {isa = PBXFileReference; lastKnownFileType = folder.assetcatalog; path = Assets.xcassets; sourceTree = "<group>"; };
		2FD2A65B24ED730E0063D963 /* Base */ = {isa = PBXFileReference; lastKnownFileType = file.storyboard; name = Base; path = Base.lproj/LaunchScreen.storyboard; sourceTree = "<group>"; };
		2FD2A65D24ED730E0063D963 /* Info.plist */ = {isa = PBXFileReference; lastKnownFileType = text.plist.xml; path = Info.plist; sourceTree = "<group>"; };
		2FD2A66424ED76920063D963 /* CollectionViewCell.swift */ = {isa = PBXFileReference; fileEncoding = 4; lastKnownFileType = sourcecode.swift; path = CollectionViewCell.swift; sourceTree = "<group>"; };
		2FD2A66524ED76920063D963 /* ViewController.swift */ = {isa = PBXFileReference; fileEncoding = 4; lastKnownFileType = sourcecode.swift; path = ViewController.swift; sourceTree = "<group>"; };
		2FD2A66924ED77020063D963 /* SectionHeader.swift */ = {isa = PBXFileReference; lastKnownFileType = sourcecode.swift; path = SectionHeader.swift; sourceTree = "<group>"; };
		2FD2A66B24ED77B50063D963 /* Main.storyboard */ = {isa = PBXFileReference; fileEncoding = 4; lastKnownFileType = file.storyboard; path = Main.storyboard; sourceTree = "<group>"; };
/* End PBXFileReference section */

/* Begin PBXFrameworksBuildPhase section */
		2FD2A64924ED730B0063D963 /* Frameworks */ = {
			isa = PBXFrameworksBuildPhase;
			buildActionMask = 2147483647;
			files = (
			);
			runOnlyForDeploymentPostprocessing = 0;
		};
/* End PBXFrameworksBuildPhase section */

/* Begin PBXGroup section */
		2FD2A64324ED730B0063D963 = {
			isa = PBXGroup;
			children = (
				2FD2A64E24ED730B0063D963 /* CollectionView_Section */,
				2FD2A64D24ED730B0063D963 /* Products */,
			);
			sourceTree = "<group>";
		};
		2FD2A64D24ED730B0063D963 /* Products */ = {
			isa = PBXGroup;
			children = (
				2FD2A64C24ED730B0063D963 /* CollectionView_Section.app */,
			);
			name = Products;
			sourceTree = "<group>";
		};
		2FD2A64E24ED730B0063D963 /* CollectionView_Section */ = {
			isa = PBXGroup;
			children = (
				2FD2A64F24ED730B0063D963 /* AppDelegate.swift */,
				2FD2A66424ED76920063D963 /* CollectionViewCell.swift */,
				2FD2A66524ED76920063D963 /* ViewController.swift */,
				2FD2A66924ED77020063D963 /* SectionHeader.swift */,
				2FD2A65124ED730B0063D963 /* SceneDelegate.swift */,
				2FD2A66B24ED77B50063D963 /* Main.storyboard */,
				2FD2A65824ED730E0063D963 /* Assets.xcassets */,
				2FD2A65A24ED730E0063D963 /* LaunchScreen.storyboard */,
				2FD2A65D24ED730E0063D963 /* Info.plist */,
			);
			path = CollectionView_Section;
			sourceTree = "<group>";
		};
/* End PBXGroup section */

/* Begin PBXNativeTarget section */
		2FD2A64B24ED730B0063D963 /* CollectionView_Section */ = {
			isa = PBXNativeTarget;
			buildConfigurationList = 2FD2A66024ED730E0063D963 /* Build configuration list for PBXNativeTarget "CollectionView_Section" */;
			buildPhases = (
				2FD2A64824ED730B0063D963 /* Sources */,
				2FD2A64924ED730B0063D963 /* Frameworks */,
				2FD2A64A24ED730B0063D963 /* Resources */,
			);
			buildRules = (
			);
			dependencies = (
			);
			name = CollectionView_Section;
			productName = CollectionView_Section;
			productReference = 2FD2A64C24ED730B0063D963 /* CollectionView_Section.app */;
			productType = "com.apple.product-type.application";
		};
/* End PBXNativeTarget section */

/* Begin PBXProject section */
		2FD2A64424ED730B0063D963 /* Project object */ = {
			isa = PBXProject;
			attributes = {
				LastSwiftUpdateCheck = 1160;
				LastUpgradeCheck = 1160;
				ORGANIZATIONNAME = "すいふと";
				TargetAttributes = {
					2FD2A64B24ED730B0063D963 = {
						CreatedOnToolsVersion = 11.6;
					};
				};
			};
			buildConfigurationList = 2FD2A64724ED730B0063D963 /* Build configuration list for PBXProject "CollectionView_Section" */;
			compatibilityVersion = "Xcode 9.3";
			developmentRegion = en;
			hasScannedForEncodings = 0;
			knownRegions = (
				en,
				Base,
			);
			mainGroup = 2FD2A64324ED730B0063D963;
			productRefGroup = 2FD2A64D24ED730B0063D963 /* Products */;
			projectDirPath = "";
			projectRoot = "";
			targets = (
				2FD2A64B24ED730B0063D963 /* CollectionView_Section */,
			);
		};
/* End PBXProject section */

/* Begin PBXResourcesBuildPhase section */
		2FD2A64A24ED730B0063D963 /* Resources */ = {
			isa = PBXResourcesBuildPhase;
			buildActionMask = 2147483647;
			files = (
				2FD2A66C24ED77B50063D963 /* Main.storyboard in Resources */,
				2FD2A65C24ED730E0063D963 /* LaunchScreen.storyboard in Resources */,
				2FD2A65924ED730E0063D963 /* Assets.xcassets in Resources */,
			);
			runOnlyForDeploymentPostprocessing = 0;
		};
/* End PBXResourcesBuildPhase section */

/* Begin PBXSourcesBuildPhase section */
		2FD2A64824ED730B0063D963 /* Sources */ = {
			isa = PBXSourcesBuildPhase;
			buildActionMask = 2147483647;
			files = (
				2FD2A65024ED730B0063D963 /* AppDelegate.swift in Sources */,
				2FD2A65224ED730B0063D963 /* SceneDelegate.swift in Sources */,
				2FD2A66A24ED77030063D963 /* SectionHeader.swift in Sources */,
				2FD2A66824ED76920063D963 /* ViewController.swift in Sources */,
				2FD2A66724ED76920063D963 /* CollectionViewCell.swift in Sources */,
			);
			runOnlyForDeploymentPostprocessing = 0;
		};
/* End PBXSourcesBuildPhase section */

/* Begin PBXVariantGroup section */
		2FD2A65A24ED730E0063D963 /* LaunchScreen.storyboard */ = {
			isa = PBXVariantGroup;
			children = (
				2FD2A65B24ED730E0063D963 /* Base */,
			);
			name = LaunchScreen.storyboard;
			sourceTree = "<group>";
		};
/* End PBXVariantGroup section */

/* Begin XCBuildConfiguration section */
		2FD2A65E24ED730E0063D963 /* Debug */ = {
			isa = XCBuildConfiguration;
			buildSettings = {
				ALWAYS_SEARCH_USER_PATHS = NO;
				CLANG_ANALYZER_NONNULL = YES;
				CLANG_ANALYZER_NUMBER_OBJECT_CONVERSION = YES_AGGRESSIVE;
				CLANG_CXX_LANGUAGE_STANDARD = "gnu++14";
				CLANG_CXX_LIBRARY = "libc++";
				CLANG_ENABLE_MODULES = YES;
				CLANG_ENABLE_OBJC_ARC = YES;
				CLANG_ENABLE_OBJC_WEAK = YES;
				CLANG_WARN_BLOCK_CAPTURE_AUTORELEASING = YES;
				CLANG_WARN_BOOL_CONVERSION = YES;
				CLANG_WARN_COMMA = YES;
				CLANG_WARN_CONSTANT_CONVERSION = YES;
				CLANG_WARN_DEPRECATED_OBJC_IMPLEMENTATIONS = YES;
				CLANG_WARN_DIRECT_OBJC_ISA_USAGE = YES_ERROR;
				CLANG_WARN_DOCUMENTATION_COMMENTS = YES;
				CLANG_WARN_EMPTY_BODY = YES;
				CLANG_WARN_ENUM_CONVERSION = YES;
				CLANG_WARN_INFINITE_RECURSION = YES;
				CLANG_WARN_INT_CONVERSION = YES;
				CLANG_WARN_NON_LITERAL_NULL_CONVERSION = YES;
				CLANG_WARN_OBJC_IMPLICIT_RETAIN_SELF = YES;
				CLANG_WARN_OBJC_LITERAL_CONVERSION = YES;
				CLANG_WARN_OBJC_ROOT_CLASS = YES_ERROR;
				CLANG_WARN_RANGE_LOOP_ANALYSIS = YES;
				CLANG_WARN_STRICT_PROTOTYPES = YES;
				CLANG_WARN_SUSPICIOUS_MOVE = YES;
				CLANG_WARN_UNGUARDED_AVAILABILITY = YES_AGGRESSIVE;
				CLANG_WARN_UNREACHABLE_CODE = YES;
				CLANG_WARN__DUPLICATE_METHOD_MATCH = YES;
				COPY_PHASE_STRIP = NO;
				DEBUG_INFORMATION_FORMAT = dwarf;
				ENABLE_STRICT_OBJC_MSGSEND = YES;
				ENABLE_TESTABILITY = YES;
				GCC_C_LANGUAGE_STANDARD = gnu11;
				GCC_DYNAMIC_NO_PIC = NO;
				GCC_NO_COMMON_BLOCKS = YES;
				GCC_OPTIMIZATION_LEVEL = 0;
				GCC_PREPROCESSOR_DEFINITIONS = (
					"DEBUG=1",
					"$(inherited)",
				);
				GCC_WARN_64_TO_32_BIT_CONVERSION = YES;
				GCC_WARN_ABOUT_RETURN_TYPE = YES_ERROR;
				GCC_WARN_UNDECLARED_SELECTOR = YES;
				GCC_WARN_UNINITIALIZED_AUTOS = YES_AGGRESSIVE;
				GCC_WARN_UNUSED_FUNCTION = YES;
				GCC_WARN_UNUSED_VARIABLE = YES;
				IPHONEOS_DEPLOYMENT_TARGET = 13.6;
				MTL_ENABLE_DEBUG_INFO = INCLUDE_SOURCE;
				MTL_FAST_MATH = YES;
				ONLY_ACTIVE_ARCH = YES;
				SDKROOT = iphoneos;
				SWIFT_ACTIVE_COMPILATION_CONDITIONS = DEBUG;
				SWIFT_OPTIMIZATION_LEVEL = "-Onone";
			};
			name = Debug;
		};
		2FD2A65F24ED730E0063D963 /* Release */ = {
			isa = XCBuildConfiguration;
			buildSettings = {
				ALWAYS_SEARCH_USER_PATHS = NO;
				CLANG_ANALYZER_NONNULL = YES;
				CLANG_ANALYZER_NUMBER_OBJECT_CONVERSION = YES_AGGRESSIVE;
				CLANG_CXX_LANGUAGE_STANDARD = "gnu++14";
				CLANG_CXX_LIBRARY = "libc++";
				CLANG_ENABLE_MODULES = YES;
				CLANG_ENABLE_OBJC_ARC = YES;
				CLANG_ENABLE_OBJC_WEAK = YES;
				CLANG_WARN_BLOCK_CAPTURE_AUTORELEASING = YES;
				CLANG_WARN_BOOL_CONVERSION = YES;
				CLANG_WARN_COMMA = YES;
				CLANG_WARN_CONSTANT_CONVERSION = YES;
				CLANG_WARN_DEPRECATED_OBJC_IMPLEMENTATIONS = YES;
				CLANG_WARN_DIRECT_OBJC_ISA_USAGE = YES_ERROR;
				CLANG_WARN_DOCUMENTATION_COMMENTS = YES;
				CLANG_WARN_EMPTY_BODY = YES;
				CLANG_WARN_ENUM_CONVERSION = YES;
				CLANG_WARN_INFINITE_RECURSION = YES;
				CLANG_WARN_INT_CONVERSION = YES;
				CLANG_WARN_NON_LITERAL_NULL_CONVERSION = YES;
				CLANG_WARN_OBJC_IMPLICIT_RETAIN_SELF = YES;
				CLANG_WARN_OBJC_LITERAL_CONVERSION = YES;
				CLANG_WARN_OBJC_ROOT_CLASS = YES_ERROR;
				CLANG_WARN_RANGE_LOOP_ANALYSIS = YES;
				CLANG_WARN_STRICT_PROTOTYPES = YES;
				CLANG_WARN_SUSPICIOUS_MOVE = YES;
				CLANG_WARN_UNGUARDED_AVAILABILITY = YES_AGGRESSIVE;
				CLANG_WARN_UNREACHABLE_CODE = YES;
				CLANG_WARN__DUPLICATE_METHOD_MATCH = YES;
				COPY_PHASE_STRIP = NO;
				DEBUG_INFORMATION_FORMAT = "dwarf-with-dsym";
				ENABLE_NS_ASSERTIONS = NO;
				ENABLE_STRICT_OBJC_MSGSEND = YES;
				GCC_C_LANGUAGE_STANDARD = gnu11;
				GCC_NO_COMMON_BLOCKS = YES;
				GCC_WARN_64_TO_32_BIT_CONVERSION = YES;
				GCC_WARN_ABOUT_RETURN_TYPE = YES_ERROR;
				GCC_WARN_UNDECLARED_SELECTOR = YES;
				GCC_WARN_UNINITIALIZED_AUTOS = YES_AGGRESSIVE;
				GCC_WARN_UNUSED_FUNCTION = YES;
				GCC_WARN_UNUSED_VARIABLE = YES;
				IPHONEOS_DEPLOYMENT_TARGET = 13.6;
				MTL_ENABLE_DEBUG_INFO = NO;
				MTL_FAST_MATH = YES;
				SDKROOT = iphoneos;
				SWIFT_COMPILATION_MODE = wholemodule;
				SWIFT_OPTIMIZATION_LEVEL = "-O";
				VALIDATE_PRODUCT = YES;
			};
			name = Release;
		};
		2FD2A66124ED730E0063D963 /* Debug */ = {
			isa = XCBuildConfiguration;
			buildSettings = {
				ASSETCATALOG_COMPILER_APPICON_NAME = AppIcon;
				CODE_SIGN_STYLE = Automatic;
				INFOPLIST_FILE = CollectionView_Section/Info.plist;
				LD_RUNPATH_SEARCH_PATHS = (
					"$(inherited)",
					"@executable_path/Frameworks",
				);
				PRODUCT_BUNDLE_IDENTIFIER = "com.stv.CollectionView-Section";
				PRODUCT_NAME = "$(TARGET_NAME)";
				SWIFT_VERSION = 5.0;
				TARGETED_DEVICE_FAMILY = "1,2";
			};
			name = Debug;
		};
		2FD2A66224ED730E0063D963 /* Release */ = {
			isa = XCBuildConfiguration;
			buildSettings = {
				ASSETCATALOG_COMPILER_APPICON_NAME = AppIcon;
				CODE_SIGN_STYLE = Automatic;
				INFOPLIST_FILE = CollectionView_Section/Info.plist;
				LD_RUNPATH_SEARCH_PATHS = (
					"$(inherited)",
					"@executable_path/Frameworks",
				);
				PRODUCT_BUNDLE_IDENTIFIER = "com.stv.CollectionView-Section";
				PRODUCT_NAME = "$(TARGET_NAME)";
				SWIFT_VERSION = 5.0;
				TARGETED_DEVICE_FAMILY = "1,2";
			};
			name = Release;
		};
/* End XCBuildConfiguration section */

/* Begin XCConfigurationList section */
		2FD2A64724ED730B0063D963 /* Build configuration list for PBXProject "CollectionView_Section" */ = {
			isa = XCConfigurationList;
			buildConfigurations = (
				2FD2A65E24ED730E0063D963 /* Debug */,
				2FD2A65F24ED730E0063D963 /* Release */,
			);
			defaultConfigurationIsVisible = 0;
			defaultConfigurationName = Release;
		};
		2FD2A66024ED730E0063D963 /* Build configuration list for PBXNativeTarget "CollectionView_Section" */ = {
			isa = XCConfigurationList;
			buildConfigurations = (
				2FD2A66124ED730E0063D963 /* Debug */,
				2FD2A66224ED730E0063D963 /* Release */,
			);
			defaultConfigurationIsVisible = 0;
			defaultConfigurationName = Release;
		};
/* End XCConfigurationList section */
	};
	rootObject = 2FD2A64424ED730B0063D963 /* Project object */;
}
