// !$*UTF8*$!
{
	archiveVersion = 1;
	classes = {
	};
	objectVersion = 50;
	objects = {

/* Begin PBXBuildFile section */
		2FD2A62024EC01760063D963 /* AppDelegate.swift in Sources */ = {isa = PBXBuildFile; fileRef = 2FD2A61F24EC01760063D963 /* AppDelegate.swift */; };
		2FD2A62224EC01760063D963 /* SceneDelegate.swift in Sources */ = {isa = PBXBuildFile; fileRef = 2FD2A62124EC01760063D963 /* SceneDelegate.swift */; };
		2FD2A62424EC01760063D963 /* ViewController.swift in Sources */ = {isa = PBXBuildFile; fileRef = 2FD2A62324EC01760063D963 /* ViewController.swift */; };
		2FD2A62724EC01760063D963 /* Main.storyboard in Resources */ = {isa = PBXBuildFile; fileRef = 2FD2A62524EC01760063D963 /* Main.storyboard */; };
		2FD2A62924EC01790063D963 /* Assets.xcassets in Resources */ = {isa = PBXBuildFile; fileRef = 2FD2A62824EC01790063D963 /* Assets.xcassets */; };
		2FD2A62C24EC01790063D963 /* LaunchScreen.storyboard in Resources */ = {isa = PBXBuildFile; fileRef = 2FD2A62A24EC01790063D963 /* LaunchScreen.storyboard */; };
		2FD2A63424EC01D50063D963 /* FavoriteProgrammingLanguage.swift in Sources */ = {isa = PBXBuildFile; fileRef = 2FD2A63324EC01D50063D963 /* FavoriteProgrammingLanguage.swift */; };
		2FD2A63824EC022A0063D963 /* Account.swift in Sources */ = {isa = PBXBuildFile; fileRef = 2FD2A63724EC022A0063D963 /* Account.swift */; };
/* End PBXBuildFile section */

/* Begin PBXFileReference section */
		2FD2A61C24EC01760063D963 /* swift1.1.5.app */ = {isa = PBXFileReference; explicitFileType = wrapper.application; includeInIndex = 0; path = swift1.1.5.app; sourceTree = BUILT_PRODUCTS_DIR; };
		2FD2A61F24EC01760063D963 /* AppDelegate.swift */ = {isa = PBXFileReference; lastKnownFileType = sourcecode.swift; path = AppDelegate.swift; sourceTree = "<group>"; };
		2FD2A62124EC01760063D963 /* SceneDelegate.swift */ = {isa = PBXFileReference; lastKnownFileType = sourcecode.swift; path = SceneDelegate.swift; sourceTree = "<group>"; };
		2FD2A62324EC01760063D963 /* ViewController.swift */ = {isa = PBXFileReference; lastKnownFileType = sourcecode.swift; path = ViewController.swift; sourceTree = "<group>"; };
		2FD2A62624EC01760063D963 /* Base */ = {isa = PBXFileReference; lastKnownFileType = file.storyboard; name = Base; path = Base.lproj/Main.storyboard; sourceTree = "<group>"; };
		2FD2A62824EC01790063D963 /* Assets.xcassets */ = {isa = PBXFileReference; lastKnownFileType = folder.assetcatalog; path = Assets.xcassets; sourceTree = "<group>"; };
		2FD2A62B24EC01790063D963 /* Base */ = {isa = PBXFileReference; lastKnownFileType = file.storyboard; name = Base; path = Base.lproj/LaunchScreen.storyboard; sourceTree = "<group>"; };
		2FD2A62D24EC01790063D963 /* Info.plist */ = {isa = PBXFileReference; lastKnownFileType = text.plist.xml; path = Info.plist; sourceTree = "<group>"; };
		2FD2A63324EC01D50063D963 /* FavoriteProgrammingLanguage.swift */ = {isa = PBXFileReference; lastKnownFileType = sourcecode.swift; path = FavoriteProgrammingLanguage.swift; sourceTree = "<group>"; };
		2FD2A63724EC022A0063D963 /* Account.swift */ = {isa = PBXFileReference; lastKnownFileType = sourcecode.swift; path = Account.swift; sourceTree = "<group>"; };
/* End PBXFileReference section */

/* Begin PBXFrameworksBuildPhase section */
		2FD2A61924EC01760063D963 /* Frameworks */ = {
			isa = PBXFrameworksBuildPhase;
			buildActionMask = 2147483647;
			files = (
			);
			runOnlyForDeploymentPostprocessing = 0;
		};
/* End PBXFrameworksBuildPhase section */

/* Begin PBXGroup section */
		2FD2A61324EC01760063D963 = {
			isa = PBXGroup;
			children = (
				2FD2A61E24EC01760063D963 /* swift1.1.5 */,
				2FD2A61D24EC01760063D963 /* Products */,
			);
			sourceTree = "<group>";
		};
		2FD2A61D24EC01760063D963 /* Products */ = {
			isa = PBXGroup;
			children = (
				2FD2A61C24EC01760063D963 /* swift1.1.5.app */,
			);
			name = Products;
			sourceTree = "<group>";
		};
		2FD2A61E24EC01760063D963 /* swift1.1.5 */ = {
			isa = PBXGroup;
			children = (
				2FD2A61F24EC01760063D963 /* AppDelegate.swift */,
				2FD2A62124EC01760063D963 /* SceneDelegate.swift */,
				2FD2A62324EC01760063D963 /* ViewController.swift */,
				2FD2A63324EC01D50063D963 /* FavoriteProgrammingLanguage.swift */,
				2FD2A63724EC022A0063D963 /* Account.swift */,
				2FD2A62524EC01760063D963 /* Main.storyboard */,
				2FD2A62824EC01790063D963 /* Assets.xcassets */,
				2FD2A62A24EC01790063D963 /* LaunchScreen.storyboard */,
				2FD2A62D24EC01790063D963 /* Info.plist */,
			);
			path = swift1.1.5;
			sourceTree = "<group>";
		};
/* End PBXGroup section */

/* Begin PBXNativeTarget section */
		2FD2A61B24EC01760063D963 /* swift1.1.5 */ = {
			isa = PBXNativeTarget;
			buildConfigurationList = 2FD2A63024EC01790063D963 /* Build configuration list for PBXNativeTarget "swift1.1.5" */;
			buildPhases = (
				2FD2A61824EC01760063D963 /* Sources */,
				2FD2A61924EC01760063D963 /* Frameworks */,
				2FD2A61A24EC01760063D963 /* Resources */,
			);
			buildRules = (
			);
			dependencies = (
			);
			name = swift1.1.5;
			productName = swift1.1.5;
			productReference = 2FD2A61C24EC01760063D963 /* swift1.1.5.app */;
			productType = "com.apple.product-type.application";
		};
/* End PBXNativeTarget section */

/* Begin PBXProject section */
		2FD2A61424EC01760063D963 /* Project object */ = {
			isa = PBXProject;
			attributes = {
				LastSwiftUpdateCheck = 1160;
				LastUpgradeCheck = 1160;
				ORGANIZATIONNAME = "すいふと";
				TargetAttributes = {
					2FD2A61B24EC01760063D963 = {
						CreatedOnToolsVersion = 11.6;
					};
				};
			};
			buildConfigurationList = 2FD2A61724EC01760063D963 /* Build configuration list for PBXProject "swift1.1.5" */;
			compatibilityVersion = "Xcode 9.3";
			developmentRegion = en;
			hasScannedForEncodings = 0;
			knownRegions = (
				en,
				Base,
			);
			mainGroup = 2FD2A61324EC01760063D963;
			productRefGroup = 2FD2A61D24EC01760063D963 /* Products */;
			projectDirPath = "";
			projectRoot = "";
			targets = (
				2FD2A61B24EC01760063D963 /* swift1.1.5 */,
			);
		};
/* End PBXProject section */

/* Begin PBXResourcesBuildPhase section */
		2FD2A61A24EC01760063D963 /* Resources */ = {
			isa = PBXResourcesBuildPhase;
			buildActionMask = 2147483647;
			files = (
				2FD2A62C24EC01790063D963 /* LaunchScreen.storyboard in Resources */,
				2FD2A62924EC01790063D963 /* Assets.xcassets in Resources */,
				2FD2A62724EC01760063D963 /* Main.storyboard in Resources */,
			);
			runOnlyForDeploymentPostprocessing = 0;
		};
/* End PBXResourcesBuildPhase section */

/* Begin PBXSourcesBuildPhase section */
		2FD2A61824EC01760063D963 /* Sources */ = {
			isa = PBXSourcesBuildPhase;
			buildActionMask = 2147483647;
			files = (
				2FD2A63824EC022A0063D963 /* Account.swift in Sources */,
				2FD2A62424EC01760063D963 /* ViewController.swift in Sources */,
				2FD2A63424EC01D50063D963 /* FavoriteProgrammingLanguage.swift in Sources */,
				2FD2A62024EC01760063D963 /* AppDelegate.swift in Sources */,
				2FD2A62224EC01760063D963 /* SceneDelegate.swift in Sources */,
			);
			runOnlyForDeploymentPostprocessing = 0;
		};
/* End PBXSourcesBuildPhase section */

/* Begin PBXVariantGroup section */
		2FD2A62524EC01760063D963 /* Main.storyboard */ = {
			isa = PBXVariantGroup;
			children = (
				2FD2A62624EC01760063D963 /* Base */,
			);
			name = Main.storyboard;
			sourceTree = "<group>";
		};
		2FD2A62A24EC01790063D963 /* LaunchScreen.storyboard */ = {
			isa = PBXVariantGroup;
			children = (
				2FD2A62B24EC01790063D963 /* Base */,
			);
			name = LaunchScreen.storyboard;
			sourceTree = "<group>";
		};
/* End PBXVariantGroup section */

/* Begin XCBuildConfiguration section */
		2FD2A62E24EC01790063D963 /* Debug */ = {
			isa = XCBuildConfiguration;
			buildSettings = {
				ALWAYS_SEARCH_USER_PATHS = NO;
				CLANG_ANALYZER_NONNULL = YES;
				CLANG_ANALYZER_NUMBER_OBJECT_CONVERSION = YES_AGGRESSIVE;
				CLANG_CXX_LANGUAGE_STANDARD = "gnu++14";
				CLANG_CXX_LIBRARY = "libc++";
				CLANG_ENABLE_MODULES = YES;
				CLANG_ENABLE_OBJC_ARC = YES;
				CLANG_ENABLE_OBJC_WEAK = YES;
				CLANG_WARN_BLOCK_CAPTURE_AUTORELEASING = YES;
				CLANG_WARN_BOOL_CONVERSION = YES;
				CLANG_WARN_COMMA = YES;
				CLANG_WARN_CONSTANT_CONVERSION = YES;
				CLANG_WARN_DEPRECATED_OBJC_IMPLEMENTATIONS = YES;
				CLANG_WARN_DIRECT_OBJC_ISA_USAGE = YES_ERROR;
				CLANG_WARN_DOCUMENTATION_COMMENTS = YES;
				CLANG_WARN_EMPTY_BODY = YES;
				CLANG_WARN_ENUM_CONVERSION = YES;
				CLANG_WARN_INFINITE_RECURSION = YES;
				CLANG_WARN_INT_CONVERSION = YES;
				CLANG_WARN_NON_LITERAL_NULL_CONVERSION = YES;
				CLANG_WARN_OBJC_IMPLICIT_RETAIN_SELF = YES;
				CLANG_WARN_OBJC_LITERAL_CONVERSION = YES;
				CLANG_WARN_OBJC_ROOT_CLASS = YES_ERROR;
				CLANG_WARN_RANGE_LOOP_ANALYSIS = YES;
				CLANG_WARN_STRICT_PROTOTYPES = YES;
				CLANG_WARN_SUSPICIOUS_MOVE = YES;
				CLANG_WARN_UNGUARDED_AVAILABILITY = YES_AGGRESSIVE;
				CLANG_WARN_UNREACHABLE_CODE = YES;
				CLANG_WARN__DUPLICATE_METHOD_MATCH = YES;
				COPY_PHASE_STRIP = NO;
				DEBUG_INFORMATION_FORMAT = dwarf;
				ENABLE_STRICT_OBJC_MSGSEND = YES;
				ENABLE_TESTABILITY = YES;
				GCC_C_LANGUAGE_STANDARD = gnu11;
				GCC_DYNAMIC_NO_PIC = NO;
				GCC_NO_COMMON_BLOCKS = YES;
				GCC_OPTIMIZATION_LEVEL = 0;
				GCC_PREPROCESSOR_DEFINITIONS = (
					"DEBUG=1",
					"$(inherited)",
				);
				GCC_WARN_64_TO_32_BIT_CONVERSION = YES;
				GCC_WARN_ABOUT_RETURN_TYPE = YES_ERROR;
				GCC_WARN_UNDECLARED_SELECTOR = YES;
				GCC_WARN_UNINITIALIZED_AUTOS = YES_AGGRESSIVE;
				GCC_WARN_UNUSED_FUNCTION = YES;
				GCC_WARN_UNUSED_VARIABLE = YES;
				IPHONEOS_DEPLOYMENT_TARGET = 13.6;
				MTL_ENABLE_DEBUG_INFO = INCLUDE_SOURCE;
				MTL_FAST_MATH = YES;
				ONLY_ACTIVE_ARCH = YES;
				SDKROOT = iphoneos;
				SWIFT_ACTIVE_COMPILATION_CONDITIONS = DEBUG;
				SWIFT_OPTIMIZATION_LEVEL = "-Onone";
			};
			name = Debug;
		};
		2FD2A62F24EC01790063D963 /* Release */ = {
			isa = XCBuildConfiguration;
			buildSettings = {
				ALWAYS_SEARCH_USER_PATHS = NO;
				CLANG_ANALYZER_NONNULL = YES;
				CLANG_ANALYZER_NUMBER_OBJECT_CONVERSION = YES_AGGRESSIVE;
				CLANG_CXX_LANGUAGE_STANDARD = "gnu++14";
				CLANG_CXX_LIBRARY = "libc++";
				CLANG_ENABLE_MODULES = YES;
				CLANG_ENABLE_OBJC_ARC = YES;
				CLANG_ENABLE_OBJC_WEAK = YES;
				CLANG_WARN_BLOCK_CAPTURE_AUTORELEASING = YES;
				CLANG_WARN_BOOL_CONVERSION = YES;
				CLANG_WARN_COMMA = YES;
				CLANG_WARN_CONSTANT_CONVERSION = YES;
				CLANG_WARN_DEPRECATED_OBJC_IMPLEMENTATIONS = YES;
				CLANG_WARN_DIRECT_OBJC_ISA_USAGE = YES_ERROR;
				CLANG_WARN_DOCUMENTATION_COMMENTS = YES;
				CLANG_WARN_EMPTY_BODY = YES;
				CLANG_WARN_ENUM_CONVERSION = YES;
				CLANG_WARN_INFINITE_RECURSION = YES;
				CLANG_WARN_INT_CONVERSION = YES;
				CLANG_WARN_NON_LITERAL_NULL_CONVERSION = YES;
				CLANG_WARN_OBJC_IMPLICIT_RETAIN_SELF = YES;
				CLANG_WARN_OBJC_LITERAL_CONVERSION = YES;
				CLANG_WARN_OBJC_ROOT_CLASS = YES_ERROR;
				CLANG_WARN_RANGE_LOOP_ANALYSIS = YES;
				CLANG_WARN_STRICT_PROTOTYPES = YES;
				CLANG_WARN_SUSPICIOUS_MOVE = YES;
				CLANG_WARN_UNGUARDED_AVAILABILITY = YES_AGGRESSIVE;
				CLANG_WARN_UNREACHABLE_CODE = YES;
				CLANG_WARN__DUPLICATE_METHOD_MATCH = YES;
				COPY_PHASE_STRIP = NO;
				DEBUG_INFORMATION_FORMAT = "dwarf-with-dsym";
				ENABLE_NS_ASSERTIONS = NO;
				ENABLE_STRICT_OBJC_MSGSEND = YES;
				GCC_C_LANGUAGE_STANDARD = gnu11;
				GCC_NO_COMMON_BLOCKS = YES;
				GCC_WARN_64_TO_32_BIT_CONVERSION = YES;
				GCC_WARN_ABOUT_RETURN_TYPE = YES_ERROR;
				GCC_WARN_UNDECLARED_SELECTOR = YES;
				GCC_WARN_UNINITIALIZED_AUTOS = YES_AGGRESSIVE;
				GCC_WARN_UNUSED_FUNCTION = YES;
				GCC_WARN_UNUSED_VARIABLE = YES;
				IPHONEOS_DEPLOYMENT_TARGET = 13.6;
				MTL_ENABLE_DEBUG_INFO = NO;
				MTL_FAST_MATH = YES;
				SDKROOT = iphoneos;
				SWIFT_COMPILATION_MODE = wholemodule;
				SWIFT_OPTIMIZATION_LEVEL = "-O";
				VALIDATE_PRODUCT = YES;
			};
			name = Release;
		};
		2FD2A63124EC01790063D963 /* Debug */ = {
			isa = XCBuildConfiguration;
			buildSettings = {
				ASSETCATALOG_COMPILER_APPICON_NAME = AppIcon;
				CODE_SIGN_STYLE = Automatic;
				INFOPLIST_FILE = swift1.1.5/Info.plist;
				LD_RUNPATH_SEARCH_PATHS = (
					"$(inherited)",
					"@executable_path/Frameworks",
				);
				PRODUCT_BUNDLE_IDENTIFIER = "com.stv.swift1-1-5";
				PRODUCT_NAME = "$(TARGET_NAME)";
				SWIFT_VERSION = 5.0;
				TARGETED_DEVICE_FAMILY = "1,2";
			};
			name = Debug;
		};
		2FD2A63224EC01790063D963 /* Release */ = {
			isa = XCBuildConfiguration;
			buildSettings = {
				ASSETCATALOG_COMPILER_APPICON_NAME = AppIcon;
				CODE_SIGN_STYLE = Automatic;
				INFOPLIST_FILE = swift1.1.5/Info.plist;
				LD_RUNPATH_SEARCH_PATHS = (
					"$(inherited)",
					"@executable_path/Frameworks",
				);
				PRODUCT_BUNDLE_IDENTIFIER = "com.stv.swift1-1-5";
				PRODUCT_NAME = "$(TARGET_NAME)";
				SWIFT_VERSION = 5.0;
				TARGETED_DEVICE_FAMILY = "1,2";
			};
			name = Release;
		};
/* End XCBuildConfiguration section */

/* Begin XCConfigurationList section */
		2FD2A61724EC01760063D963 /* Build configuration list for PBXProject "swift1.1.5" */ = {
			isa = XCConfigurationList;
			buildConfigurations = (
				2FD2A62E24EC01790063D963 /* Debug */,
				2FD2A62F24EC01790063D963 /* Release */,
			);
			defaultConfigurationIsVisible = 0;
			defaultConfigurationName = Release;
		};
		2FD2A63024EC01790063D963 /* Build configuration list for PBXNativeTarget "swift1.1.5" */ = {
			isa = XCConfigurationList;
			buildConfigurations = (
				2FD2A63124EC01790063D963 /* Debug */,
				2FD2A63224EC01790063D963 /* Release */,
			);
			defaultConfigurationIsVisible = 0;
			defaultConfigurationName = Release;
		};
/* End XCConfigurationList section */
	};
	rootObject = 2FD2A61424EC01760063D963 /* Project object */;
}
