// !$*UTF8*$!
{
	archiveVersion = 1;
	classes = {
	};
	objectVersion = 50;
	objects = {

/* Begin PBXBuildFile section */
		5E1C3B96230C1B9A0050101D /* AppDelegate.swift in Sources */ = {isa = PBXBuildFile; fileRef = 5E1C3B95230C1B9A0050101D /* AppDelegate.swift */; };
		5E1C3B98230C1B9A0050101D /* ViewController.swift in Sources */ = {isa = PBXBuildFile; fileRef = 5E1C3B97230C1B9A0050101D /* ViewController.swift */; };
		5E1C3B9B230C1B9A0050101D /* Main.storyboard in Resources */ = {isa = PBXBuildFile; fileRef = 5E1C3B99230C1B9A0050101D /* Main.storyboard */; };
		5E1C3B9D230C1B9D0050101D /* Assets.xcassets in Resources */ = {isa = PBXBuildFile; fileRef = 5E1C3B9C230C1B9D0050101D /* Assets.xcassets */; };
		5E1C3BA0230C1B9D0050101D /* LaunchScreen.storyboard in Resources */ = {isa = PBXBuildFile; fileRef = 5E1C3B9E230C1B9D0050101D /* LaunchScreen.storyboard */; };
		5E1C3BA9230C1C300050101D /* MessageUI.framework in Frameworks */ = {isa = PBXBuildFile; fileRef = 5E1C3BA8230C1C300050101D /* MessageUI.framework */; };
/* End PBXBuildFile section */

/* Begin PBXFileReference section */
		5E1C3B92230C1B9A0050101D /* mail.app */ = {isa = PBXFileReference; explicitFileType = wrapper.application; includeInIndex = 0; path = mail.app; sourceTree = BUILT_PRODUCTS_DIR; };
		5E1C3B95230C1B9A0050101D /* AppDelegate.swift */ = {isa = PBXFileReference; lastKnownFileType = sourcecode.swift; path = AppDelegate.swift; sourceTree = "<group>"; };
		5E1C3B97230C1B9A0050101D /* ViewController.swift */ = {isa = PBXFileReference; lastKnownFileType = sourcecode.swift; path = ViewController.swift; sourceTree = "<group>"; };
		5E1C3B9A230C1B9A0050101D /* Base */ = {isa = PBXFileReference; lastKnownFileType = file.storyboard; name = Base; path = Base.lproj/Main.storyboard; sourceTree = "<group>"; };
		5E1C3B9C230C1B9D0050101D /* Assets.xcassets */ = {isa = PBXFileReference; lastKnownFileType = folder.assetcatalog; path = Assets.xcassets; sourceTree = "<group>"; };
		5E1C3B9F230C1B9D0050101D /* Base */ = {isa = PBXFileReference; lastKnownFileType = file.storyboard; name = Base; path = Base.lproj/LaunchScreen.storyboard; sourceTree = "<group>"; };
		5E1C3BA1230C1B9D0050101D /* Info.plist */ = {isa = PBXFileReference; lastKnownFileType = text.plist.xml; path = Info.plist; sourceTree = "<group>"; };
		5E1C3BA8230C1C300050101D /* MessageUI.framework */ = {isa = PBXFileReference; lastKnownFileType = wrapper.framework; name = MessageUI.framework; path = System/Library/Frameworks/MessageUI.framework; sourceTree = SDKROOT; };
/* End PBXFileReference section */

/* Begin PBXFrameworksBuildPhase section */
		5E1C3B8F230C1B9A0050101D /* Frameworks */ = {
			isa = PBXFrameworksBuildPhase;
			buildActionMask = 2147483647;
			files = (
				5E1C3BA9230C1C300050101D /* MessageUI.framework in Frameworks */,
			);
			runOnlyForDeploymentPostprocessing = 0;
		};
/* End PBXFrameworksBuildPhase section */

/* Begin PBXGroup section */
		5E1C3B89230C1B9A0050101D = {
			isa = PBXGroup;
			children = (
				5E1C3B94230C1B9A0050101D /* mail */,
				5E1C3B93230C1B9A0050101D /* Products */,
				5E1C3BA7230C1C300050101D /* Frameworks */,
			);
			sourceTree = "<group>";
		};
		5E1C3B93230C1B9A0050101D /* Products */ = {
			isa = PBXGroup;
			children = (
				5E1C3B92230C1B9A0050101D /* mail.app */,
			);
			name = Products;
			sourceTree = "<group>";
		};
		5E1C3B94230C1B9A0050101D /* mail */ = {
			isa = PBXGroup;
			children = (
				5E1C3B95230C1B9A0050101D /* AppDelegate.swift */,
				5E1C3B97230C1B9A0050101D /* ViewController.swift */,
				5E1C3B99230C1B9A0050101D /* Main.storyboard */,
				5E1C3B9C230C1B9D0050101D /* Assets.xcassets */,
				5E1C3B9E230C1B9D0050101D /* LaunchScreen.storyboard */,
				5E1C3BA1230C1B9D0050101D /* Info.plist */,
			);
			path = mail;
			sourceTree = "<group>";
		};
		5E1C3BA7230C1C300050101D /* Frameworks */ = {
			isa = PBXGroup;
			children = (
				5E1C3BA8230C1C300050101D /* MessageUI.framework */,
			);
			name = Frameworks;
			sourceTree = "<group>";
		};
/* End PBXGroup section */

/* Begin PBXNativeTarget section */
		5E1C3B91230C1B9A0050101D /* mail */ = {
			isa = PBXNativeTarget;
			buildConfigurationList = 5E1C3BA4230C1B9D0050101D /* Build configuration list for PBXNativeTarget "mail" */;
			buildPhases = (
				5E1C3B8E230C1B9A0050101D /* Sources */,
				5E1C3B8F230C1B9A0050101D /* Frameworks */,
				5E1C3B90230C1B9A0050101D /* Resources */,
			);
			buildRules = (
			);
			dependencies = (
			);
			name = mail;
			productName = stv50_mrmt_40;
			productReference = 5E1C3B92230C1B9A0050101D /* mail.app */;
			productType = "com.apple.product-type.application";
		};
/* End PBXNativeTarget section */

/* Begin PBXProject section */
		5E1C3B8A230C1B9A0050101D /* Project object */ = {
			isa = PBXProject;
			attributes = {
				LastSwiftUpdateCheck = 1020;
				LastUpgradeCheck = 1020;
				ORGANIZATIONNAME = "丸本聡";
				TargetAttributes = {
					5E1C3B91230C1B9A0050101D = {
						CreatedOnToolsVersion = 10.2.1;
					};
				};
			};
			buildConfigurationList = 5E1C3B8D230C1B9A0050101D /* Build configuration list for PBXProject "mail" */;
			compatibilityVersion = "Xcode 9.3";
			developmentRegion = en;
			hasScannedForEncodings = 0;
			knownRegions = (
				en,
				Base,
			);
			mainGroup = 5E1C3B89230C1B9A0050101D;
			productRefGroup = 5E1C3B93230C1B9A0050101D /* Products */;
			projectDirPath = "";
			projectRoot = "";
			targets = (
				5E1C3B91230C1B9A0050101D /* mail */,
			);
		};
/* End PBXProject section */

/* Begin PBXResourcesBuildPhase section */
		5E1C3B90230C1B9A0050101D /* Resources */ = {
			isa = PBXResourcesBuildPhase;
			buildActionMask = 2147483647;
			files = (
				5E1C3BA0230C1B9D0050101D /* LaunchScreen.storyboard in Resources */,
				5E1C3B9D230C1B9D0050101D /* Assets.xcassets in Resources */,
				5E1C3B9B230C1B9A0050101D /* Main.storyboard in Resources */,
			);
			runOnlyForDeploymentPostprocessing = 0;
		};
/* End PBXResourcesBuildPhase section */

/* Begin PBXSourcesBuildPhase section */
		5E1C3B8E230C1B9A0050101D /* Sources */ = {
			isa = PBXSourcesBuildPhase;
			buildActionMask = 2147483647;
			files = (
				5E1C3B98230C1B9A0050101D /* ViewController.swift in Sources */,
				5E1C3B96230C1B9A0050101D /* AppDelegate.swift in Sources */,
			);
			runOnlyForDeploymentPostprocessing = 0;
		};
/* End PBXSourcesBuildPhase section */

/* Begin PBXVariantGroup section */
		5E1C3B99230C1B9A0050101D /* Main.storyboard */ = {
			isa = PBXVariantGroup;
			children = (
				5E1C3B9A230C1B9A0050101D /* Base */,
			);
			name = Main.storyboard;
			sourceTree = "<group>";
		};
		5E1C3B9E230C1B9D0050101D /* LaunchScreen.storyboard */ = {
			isa = PBXVariantGroup;
			children = (
				5E1C3B9F230C1B9D0050101D /* Base */,
			);
			name = LaunchScreen.storyboard;
			sourceTree = "<group>";
		};
/* End PBXVariantGroup section */

/* Begin XCBuildConfiguration section */
		5E1C3BA2230C1B9D0050101D /* Debug */ = {
			isa = XCBuildConfiguration;
			buildSettings = {
				ALWAYS_SEARCH_USER_PATHS = NO;
				CLANG_ANALYZER_NONNULL = YES;
				CLANG_ANALYZER_NUMBER_OBJECT_CONVERSION = YES_AGGRESSIVE;
				CLANG_CXX_LANGUAGE_STANDARD = "gnu++14";
				CLANG_CXX_LIBRARY = "libc++";
				CLANG_ENABLE_MODULES = YES;
				CLANG_ENABLE_OBJC_ARC = YES;
				CLANG_ENABLE_OBJC_WEAK = YES;
				CLANG_WARN_BLOCK_CAPTURE_AUTORELEASING = YES;
				CLANG_WARN_BOOL_CONVERSION = YES;
				CLANG_WARN_COMMA = YES;
				CLANG_WARN_CONSTANT_CONVERSION = YES;
				CLANG_WARN_DEPRECATED_OBJC_IMPLEMENTATIONS = YES;
				CLANG_WARN_DIRECT_OBJC_ISA_USAGE = YES_ERROR;
				CLANG_WARN_DOCUMENTATION_COMMENTS = YES;
				CLANG_WARN_EMPTY_BODY = YES;
				CLANG_WARN_ENUM_CONVERSION = YES;
				CLANG_WARN_INFINITE_RECURSION = YES;
				CLANG_WARN_INT_CONVERSION = YES;
				CLANG_WARN_NON_LITERAL_NULL_CONVERSION = YES;
				CLANG_WARN_OBJC_IMPLICIT_RETAIN_SELF = YES;
				CLANG_WARN_OBJC_LITERAL_CONVERSION = YES;
				CLANG_WARN_OBJC_ROOT_CLASS = YES_ERROR;
				CLANG_WARN_RANGE_LOOP_ANALYSIS = YES;
				CLANG_WARN_STRICT_PROTOTYPES = YES;
				CLANG_WARN_SUSPICIOUS_MOVE = YES;
				CLANG_WARN_UNGUARDED_AVAILABILITY = YES_AGGRESSIVE;
				CLANG_WARN_UNREACHABLE_CODE = YES;
				CLANG_WARN__DUPLICATE_METHOD_MATCH = YES;
				CODE_SIGN_IDENTITY = "iPhone Developer";
				COPY_PHASE_STRIP = NO;
				DEBUG_INFORMATION_FORMAT = dwarf;
				ENABLE_STRICT_OBJC_MSGSEND = YES;
				ENABLE_TESTABILITY = YES;
				GCC_C_LANGUAGE_STANDARD = gnu11;
				GCC_DYNAMIC_NO_PIC = NO;
				GCC_NO_COMMON_BLOCKS = YES;
				GCC_OPTIMIZATION_LEVEL = 0;
				GCC_PREPROCESSOR_DEFINITIONS = (
					"DEBUG=1",
					"$(inherited)",
				);
				GCC_WARN_64_TO_32_BIT_CONVERSION = YES;
				GCC_WARN_ABOUT_RETURN_TYPE = YES_ERROR;
				GCC_WARN_UNDECLARED_SELECTOR = YES;
				GCC_WARN_UNINITIALIZED_AUTOS = YES_AGGRESSIVE;
				GCC_WARN_UNUSED_FUNCTION = YES;
				GCC_WARN_UNUSED_VARIABLE = YES;
				IPHONEOS_DEPLOYMENT_TARGET = 12.2;
				MTL_ENABLE_DEBUG_INFO = INCLUDE_SOURCE;
				MTL_FAST_MATH = YES;
				ONLY_ACTIVE_ARCH = YES;
				SDKROOT = iphoneos;
				SWIFT_ACTIVE_COMPILATION_CONDITIONS = DEBUG;
				SWIFT_OPTIMIZATION_LEVEL = "-Onone";
			};
			name = Debug;
		};
		5E1C3BA3230C1B9D0050101D /* Release */ = {
			isa = XCBuildConfiguration;
			buildSettings = {
				ALWAYS_SEARCH_USER_PATHS = NO;
				CLANG_ANALYZER_NONNULL = YES;
				CLANG_ANALYZER_NUMBER_OBJECT_CONVERSION = YES_AGGRESSIVE;
				CLANG_CXX_LANGUAGE_STANDARD = "gnu++14";
				CLANG_CXX_LIBRARY = "libc++";
				CLANG_ENABLE_MODULES = YES;
				CLANG_ENABLE_OBJC_ARC = YES;
				CLANG_ENABLE_OBJC_WEAK = YES;
				CLANG_WARN_BLOCK_CAPTURE_AUTORELEASING = YES;
				CLANG_WARN_BOOL_CONVERSION = YES;
				CLANG_WARN_COMMA = YES;
				CLANG_WARN_CONSTANT_CONVERSION = YES;
				CLANG_WARN_DEPRECATED_OBJC_IMPLEMENTATIONS = YES;
				CLANG_WARN_DIRECT_OBJC_ISA_USAGE = YES_ERROR;
				CLANG_WARN_DOCUMENTATION_COMMENTS = YES;
				CLANG_WARN_EMPTY_BODY = YES;
				CLANG_WARN_ENUM_CONVERSION = YES;
				CLANG_WARN_INFINITE_RECURSION = YES;
				CLANG_WARN_INT_CONVERSION = YES;
				CLANG_WARN_NON_LITERAL_NULL_CONVERSION = YES;
				CLANG_WARN_OBJC_IMPLICIT_RETAIN_SELF = YES;
				CLANG_WARN_OBJC_LITERAL_CONVERSION = YES;
				CLANG_WARN_OBJC_ROOT_CLASS = YES_ERROR;
				CLANG_WARN_RANGE_LOOP_ANALYSIS = YES;
				CLANG_WARN_STRICT_PROTOTYPES = YES;
				CLANG_WARN_SUSPICIOUS_MOVE = YES;
				CLANG_WARN_UNGUARDED_AVAILABILITY = YES_AGGRESSIVE;
				CLANG_WARN_UNREACHABLE_CODE = YES;
				CLANG_WARN__DUPLICATE_METHOD_MATCH = YES;
				CODE_SIGN_IDENTITY = "iPhone Developer";
				COPY_PHASE_STRIP = NO;
				DEBUG_INFORMATION_FORMAT = "dwarf-with-dsym";
				ENABLE_NS_ASSERTIONS = NO;
				ENABLE_STRICT_OBJC_MSGSEND = YES;
				GCC_C_LANGUAGE_STANDARD = gnu11;
				GCC_NO_COMMON_BLOCKS = YES;
				GCC_WARN_64_TO_32_BIT_CONVERSION = YES;
				GCC_WARN_ABOUT_RETURN_TYPE = YES_ERROR;
				GCC_WARN_UNDECLARED_SELECTOR = YES;
				GCC_WARN_UNINITIALIZED_AUTOS = YES_AGGRESSIVE;
				GCC_WARN_UNUSED_FUNCTION = YES;
				GCC_WARN_UNUSED_VARIABLE = YES;
				IPHONEOS_DEPLOYMENT_TARGET = 12.2;
				MTL_ENABLE_DEBUG_INFO = NO;
				MTL_FAST_MATH = YES;
				SDKROOT = iphoneos;
				SWIFT_COMPILATION_MODE = wholemodule;
				SWIFT_OPTIMIZATION_LEVEL = "-O";
				VALIDATE_PRODUCT = YES;
			};
			name = Release;
		};
		5E1C3BA5230C1B9D0050101D /* Debug */ = {
			isa = XCBuildConfiguration;
			buildSettings = {
				ASSETCATALOG_COMPILER_APPICON_NAME = AppIcon;
				CODE_SIGN_STYLE = Automatic;
				DEVELOPMENT_TEAM = PCCZJUYRT6;
				INFOPLIST_FILE = mail/Info.plist;
				LD_RUNPATH_SEARCH_PATHS = (
					"$(inherited)",
					"@executable_path/Frameworks",
				);
				PRODUCT_BUNDLE_IDENTIFIER = "sagaminumber3-yahoo.co.jp.stv50-mrmt-40";
				PRODUCT_NAME = "$(TARGET_NAME)";
				SWIFT_VERSION = 5.0;
				TARGETED_DEVICE_FAMILY = "1,2";
			};
			name = Debug;
		};
		5E1C3BA6230C1B9D0050101D /* Release */ = {
			isa = XCBuildConfiguration;
			buildSettings = {
				ASSETCATALOG_COMPILER_APPICON_NAME = AppIcon;
				CODE_SIGN_STYLE = Automatic;
				DEVELOPMENT_TEAM = PCCZJUYRT6;
				INFOPLIST_FILE = mail/Info.plist;
				LD_RUNPATH_SEARCH_PATHS = (
					"$(inherited)",
					"@executable_path/Frameworks",
				);
				PRODUCT_BUNDLE_IDENTIFIER = "sagaminumber3-yahoo.co.jp.stv50-mrmt-40";
				PRODUCT_NAME = "$(TARGET_NAME)";
				SWIFT_VERSION = 5.0;
				TARGETED_DEVICE_FAMILY = "1,2";
			};
			name = Release;
		};
/* End XCBuildConfiguration section */

/* Begin XCConfigurationList section */
		5E1C3B8D230C1B9A0050101D /* Build configuration list for PBXProject "mail" */ = {
			isa = XCConfigurationList;
			buildConfigurations = (
				5E1C3BA2230C1B9D0050101D /* Debug */,
				5E1C3BA3230C1B9D0050101D /* Release */,
			);
			defaultConfigurationIsVisible = 0;
			defaultConfigurationName = Release;
		};
		5E1C3BA4230C1B9D0050101D /* Build configuration list for PBXNativeTarget "mail" */ = {
			isa = XCConfigurationList;
			buildConfigurations = (
				5E1C3BA5230C1B9D0050101D /* Debug */,
				5E1C3BA6230C1B9D0050101D /* Release */,
			);
			defaultConfigurationIsVisible = 0;
			defaultConfigurationName = Release;
		};
/* End XCConfigurationList section */
	};
	rootObject = 5E1C3B8A230C1B9A0050101D /* Project object */;
}
